PODS:
  - DittoCoreData (1.0.15-experimental.ditto-core-data.1):
    - DittoObjC (= 1.0.15-experimental.ditto-core-data.1)
    - DittoSwift (= 1.0.15-experimental.ditto-core-data.1)
  - DittoObjC (1.0.15-experimental.ditto-core-data.1)
  - DittoSwift (1.0.15-experimental.ditto-core-data.1):
    - DittoObjC (= 1.0.15-experimental.ditto-core-data.1)

DEPENDENCIES:
  - DittoCoreData (= 1.0.15-experimental.ditto-core-data.1)

SPEC REPOS:
  trunk:
    - DittoCoreData
    - DittoObjC
    - DittoSwift

SPEC CHECKSUMS:
  DittoCoreData: a8cce94f8e863f90d81591781babd0f1b92cdda8
  DittoObjC: 41095d1e6ac88e68c3e79199306f44e1e6ffeca9
  DittoSwift: 04a294d26b7e50f1f421313c1bc6a1f1a6cf8fa1

PODFILE CHECKSUM: 4b843b366d9d25b7b1c516a443facdfd4260a3a7

COCOAPODS: 1.11.3
