PODS:
  - DittoCoreData (3.0.4-experimental.ditto-core-data.1):
    - DittoObjC (= 3.0.4-experimental.ditto-core-data.1)
    - DittoSwift (= 3.0.4-experimental.ditto-core-data.1)
  - DittoObjC (3.0.4-experimental.ditto-core-data.1)
  - DittoSwift (3.0.4-experimental.ditto-core-data.1):
    - DittoObjC (= 3.0.4-experimental.ditto-core-data.1)

DEPENDENCIES:
  - DittoCoreData (= 3.0.4-experimental.ditto-core-data.1)

SPEC REPOS:
  trunk:
    - DittoCoreData
    - DittoObjC
    - DittoSwift

SPEC CHECKSUMS:
  DittoCoreData: d3b288bd8386e7fa52866d31f2cab9d6d4b020cf
  DittoObjC: 2c46691730fa64233e3797e44ca5e683c2aca27f
  DittoSwift: 9dff3c54571f42e94ce94ac150c815d46b77b724

PODFILE CHECKSUM: 586d3e9cc1bd13d92836ab3fb9c5f36269cf8204

COCOAPODS: 1.11.3
